{
  "name": "node-tools",
  "lockfileVersion": 3,
  "requires": true,
  "packages": {
    "": {
      "dependencies": {
        "tally-cli": "0.44.0"
      }
    },
    "node_modules/@wharflab/tally-darwin-arm64": {
      "version": "0.44.0",
      "resolved": "https://registry.npmjs.org/@wharflab/tally-darwin-arm64/-/tally-darwin-arm64-0.44.0.tgz",
      "integrity": "sha512-JlpB6Si2x11EZxLMI1rRSNdBvzlOBuEqW3Xtpk0/ptxt4pdGj7n2sbRxrAmxawKG7cYysR1V0US7JuC+aMkvuQ==",
      "cpu": [
        "arm64"
      ],
      "license": "AGPL-3.0-only",
      "optional": true,
      "os": [
        "darwin"
      ]
    },
    "node_modules/@wharflab/tally-darwin-x64": {
      "version": "0.44.0",
      "resolved": "https://registry.npmjs.org/@wharflab/tally-darwin-x64/-/tally-darwin-x64-0.44.0.tgz",
      "integrity": "sha512-fIpDySysiFVrM28AMKBpP0DWJKIee8gv8FffyatizTsW46/FIx5p1QhKF1Nb95vmgZpBm9Pi66u2uzsk9UF76Q==",
      "cpu": [
        "x64"
      ],
      "license": "AGPL-3.0-only",
      "optional": true,
      "os": [
        "darwin"
      ]
    },
    "node_modules/@wharflab/tally-linux-arm64": {
      "version": "0.44.0",
      "resolved": "https://registry.npmjs.org/@wharflab/tally-linux-arm64/-/tally-linux-arm64-0.44.0.tgz",
      "integrity": "sha512-BxKEcl4ua1oEQ/WLdZ4T+yfYz8scBm63mvL1dFc226JI76ZECY0WytUJ7f6Gj6rdq3/V2jA2GMYlEbft0J5ZDw==",
      "cpu": [
        "arm64"
      ],
      "license": "AGPL-3.0-only",
      "optional": true,
      "os": [
        "linux"
      ]
    },
    "node_modules/@wharflab/tally-linux-x64": {
      "version": "0.44.0",
      "resolved": "https://registry.npmjs.org/@wharflab/tally-linux-x64/-/tally-linux-x64-0.44.0.tgz",
      "integrity": "sha512-XlShNvusqvLpm1qQVuWu+ikKdoNY2roNCJac7BZQeutA+0M493ljQ7eANRNSSuTm1w0ljr6krBjnUG0sPVECaQ==",
      "cpu": [
        "x64"
      ],
      "license": "AGPL-3.0-only",
      "optional": true,
      "os": [
        "linux"
      ]
    },
    "node_modules/@wharflab/tally-windows-arm64": {
      "version": "0.44.0",
      "resolved": "https://registry.npmjs.org/@wharflab/tally-windows-arm64/-/tally-windows-arm64-0.44.0.tgz",
      "integrity": "sha512-D0M9S+yFxkk9KcvltgVNQkzJ/lUvIjWotLz2gtzNWUbNPz5h1VFiX+ng6tQS2/AuRAKPib73kVsxORNYok/wlA==",
      "cpu": [
        "arm64"
      ],
      "license": "AGPL-3.0-only",
      "optional": true,
      "os": [
        "win32"
      ]
    },
    "node_modules/@wharflab/tally-windows-x64": {
      "version": "0.44.0",
      "resolved": "https://registry.npmjs.org/@wharflab/tally-windows-x64/-/tally-windows-x64-0.44.0.tgz",
      "integrity": "sha512-yUmDch3HR2H48nNlsOEYrSkPHGq3tueDf0T878rfBjRl1z3Rr/W3oZcaA7lx7I9RJpyxiMvVTrqwUL7wetrq/Q==",
      "cpu": [
        "x64"
      ],
      "license": "AGPL-3.0-only",
      "optional": true,
      "os": [
        "win32"
      ]
    },
    "node_modules/tally-cli": {
      "version": "0.44.0",
      "resolved": "https://registry.npmjs.org/tally-cli/-/tally-cli-0.44.0.tgz",
      "integrity": "sha512-9g2Iz4bPJY2HBqkTJgc/6AShbMgmhajsupVBeeXJLRzFNkB/qBB1GchRkoAjH7MqXrGz4KFAw/INqmsi5j+DUg==",
      "license": "AGPL-3.0-only",
      "bin": {
        "tally": "bin/cli.js"
      },
      "engines": {
        "node": ">=18.0.0"
      },
      "optionalDependencies": {
        "@wharflab/tally-darwin-arm64": "0.44.0",
        "@wharflab/tally-darwin-x64": "0.44.0",
        "@wharflab/tally-linux-arm64": "0.44.0",
        "@wharflab/tally-linux-x64": "0.44.0",
        "@wharflab/tally-windows-arm64": "0.44.0",
        "@wharflab/tally-windows-x64": "0.44.0"
      }
    }
  }
}
