{
  "name": "node-tools",
  "lockfileVersion": 3,
  "requires": true,
  "packages": {
    "": {
      "dependencies": {
        "tally-cli": "0.41.0"
      }
    },
    "node_modules/@wharflab/tally-darwin-arm64": {
      "version": "0.41.0",
      "resolved": "https://registry.npmjs.org/@wharflab/tally-darwin-arm64/-/tally-darwin-arm64-0.41.0.tgz",
      "integrity": "sha512-KvIQBu3OylifFe6RI998zvRhmmPOUD4VMMDiH0UuaW/PUOONnhUKM18O+V/944Da8WRXCzWU9tkUYcC1gaEQoQ==",
      "cpu": [
        "arm64"
      ],
      "license": "AGPL-3.0-only",
      "optional": true,
      "os": [
        "darwin"
      ]
    },
    "node_modules/@wharflab/tally-darwin-x64": {
      "version": "0.41.0",
      "resolved": "https://registry.npmjs.org/@wharflab/tally-darwin-x64/-/tally-darwin-x64-0.41.0.tgz",
      "integrity": "sha512-VA7NAeuyRkL16763hnLfxZ8jqsxa2y+dVMQkkcMjAnUgpo9iRRnOz0LZhYJvGDTtT/a9FWP5At4WBAB/c/2ahg==",
      "cpu": [
        "x64"
      ],
      "license": "AGPL-3.0-only",
      "optional": true,
      "os": [
        "darwin"
      ]
    },
    "node_modules/@wharflab/tally-linux-arm64": {
      "version": "0.41.0",
      "resolved": "https://registry.npmjs.org/@wharflab/tally-linux-arm64/-/tally-linux-arm64-0.41.0.tgz",
      "integrity": "sha512-rZu/z1RJONtf2mbpnIICERXHnGoeK35WZdqnmA/TrvQTVlsPLZzbP7qxHpxDWuPUkn+k9rFCOmPW6H4Tc3rRKA==",
      "cpu": [
        "arm64"
      ],
      "license": "AGPL-3.0-only",
      "optional": true,
      "os": [
        "linux"
      ]
    },
    "node_modules/@wharflab/tally-linux-x64": {
      "version": "0.41.0",
      "resolved": "https://registry.npmjs.org/@wharflab/tally-linux-x64/-/tally-linux-x64-0.41.0.tgz",
      "integrity": "sha512-9boMWTubN0uYQNeCgmqMpMuJYr8ba7yWEqdN0mDsJ/HmdXtP05J0/A2wM/kjD1nDDSFvck7hXqzDYAbFY0m5bg==",
      "cpu": [
        "x64"
      ],
      "license": "AGPL-3.0-only",
      "optional": true,
      "os": [
        "linux"
      ]
    },
    "node_modules/@wharflab/tally-windows-arm64": {
      "version": "0.41.0",
      "resolved": "https://registry.npmjs.org/@wharflab/tally-windows-arm64/-/tally-windows-arm64-0.41.0.tgz",
      "integrity": "sha512-DCc2bqwlDeIsfIR6o77fI2za9HR+h+drtgLRNg4azv50j3t4ZK0wUU2SYOY4dSBF+5SE9eW1tOmUcuUNCi4J4g==",
      "cpu": [
        "arm64"
      ],
      "license": "AGPL-3.0-only",
      "optional": true,
      "os": [
        "win32"
      ]
    },
    "node_modules/@wharflab/tally-windows-x64": {
      "version": "0.41.0",
      "resolved": "https://registry.npmjs.org/@wharflab/tally-windows-x64/-/tally-windows-x64-0.41.0.tgz",
      "integrity": "sha512-bzFEkBNFC+o06QP+BKEBpP+2MzVPNa+y/IUvIrX6sqFoa5+RW82s/WwosAV9fwyEs40B8l+kSpDcwrq2+viYyQ==",
      "cpu": [
        "x64"
      ],
      "license": "AGPL-3.0-only",
      "optional": true,
      "os": [
        "win32"
      ]
    },
    "node_modules/tally-cli": {
      "version": "0.41.0",
      "resolved": "https://registry.npmjs.org/tally-cli/-/tally-cli-0.41.0.tgz",
      "integrity": "sha512-xjW+pQtak1RB7UYgJR4mQHzhDKpZaeb11Ozoa2ijq0RucpoBijuxm/RARz919Z5wFyoY7eN9Pvp5u14VHODmDQ==",
      "license": "AGPL-3.0-only",
      "bin": {
        "tally": "bin/cli.js"
      },
      "engines": {
        "node": ">=18.0.0"
      },
      "optionalDependencies": {
        "@wharflab/tally-darwin-arm64": "0.41.0",
        "@wharflab/tally-darwin-x64": "0.41.0",
        "@wharflab/tally-linux-arm64": "0.41.0",
        "@wharflab/tally-linux-x64": "0.41.0",
        "@wharflab/tally-windows-arm64": "0.41.0",
        "@wharflab/tally-windows-x64": "0.41.0"
      }
    }
  }
}
